
Microsoft Visual Studio Solution File, Format Version 12.00
# Visual Studio 15
Project("{FAE04EC0-301F-11D3-BF4B-00C04F79EFBC}") = "UnityGreetings", "UnityGreetings.csproj", "{26E1ED5E-886D-5981-A462-2305AF8A6342}"
EndProject
Project("{FAE04EC0-301F-11D3-BF4B-00C04F79EFBC}") = "UnityGreetings.Editor", "UnityGreetings.Editor.csproj", "{96034DFA-D0EA-B67E-5F28-7F9F86D995BD}"
EndProject
Global
	GlobalSection(SolutionConfigurationPlatforms) = preSolution
		Debug|Any CPU = Debug|Any CPU
		Release|Any CPU = Release|Any CPU
	EndGlobalSection
	GlobalSection(ProjectConfigurationPlatforms) = postSolution
		{26E1ED5E-886D-5981-A462-2305AF8A6342}.Debug|Any CPU.ActiveCfg = Debug|Any CPU
		{26E1ED5E-886D-5981-A462-2305AF8A6342}.Debug|Any CPU.Build.0 = Debug|Any CPU
		{26E1ED5E-886D-5981-A462-2305AF8A6342}.Release|Any CPU.ActiveCfg = Release|Any CPU
		{26E1ED5E-886D-5981-A462-2305AF8A6342}.Release|Any CPU.Build.0 = Release|Any CPU
		{96034DFA-D0EA-B67E-5F28-7F9F86D995BD}.Debug|Any CPU.ActiveCfg = Debug|Any CPU
		{96034DFA-D0EA-B67E-5F28-7F9F86D995BD}.Debug|Any CPU.Build.0 = Debug|Any CPU
		{96034DFA-D0EA-B67E-5F28-7F9F86D995BD}.Release|Any CPU.ActiveCfg = Release|Any CPU
		{96034DFA-D0EA-B67E-5F28-7F9F86D995BD}.Release|Any CPU.Build.0 = Release|Any CPU
	EndGlobalSection
	GlobalSection(SolutionProperties) = preSolution
		HideSolutionNode = FALSE
	EndGlobalSection
EndGlobal
